<?xml version="1.0" encoding="utf-8"?>
<Project ToolsVersion="4.0" xmlns="http://schemas.microsoft.com/developer/msbuild/2003">
  <ItemGroup>
    <Filter Include="Source Files">
      <UniqueIdentifier>{4FC737F1-C7A5-4376-A066-2A32D752A2FF}</UniqueIdentifier>
      <Extensions>cpp;c;cc;cxx;c++;cppm;ixx;def;odl;idl;hpj;bat;asm;asmx</Extensions>
    </Filter>
    <Filter Include="Header Files">
      <UniqueIdentifier>{93995380-89BD-4b04-88EB-625FBE52EBFB}</UniqueIdentifier>
      <Extensions>h;hh;hpp;hxx;h++;hm;inl;inc;ipp;xsd</Extensions>
    </Filter>
    <Filter Include="Resource Files">
      <UniqueIdentifier>{67DA6AB6-F800-4c08-8B7A-83BB121AAD01}</UniqueIdentifier>
      <Extensions>rc;ico;cur;bmp;dlg;rc2;rct;bin;rgs;gif;jpg;jpeg;jpe;resx;tiff;tif;png;wav;mfcribbon-ms</Extensions>
    </Filter>
  </ItemGroup>
  <ItemGroup>
    <ClCompile Include="main.cpp">
      <Filter>Source Files</Filter>
    </ClCompile>
    <ClCompile Include="PokerHandChecker.cpp">
      <Filter>Source Files</Filter>
    </ClCompile>
    <ClCompile Include="CoreComponents.cpp">
      <Filter>Source Files</Filter>
    </ClCompile>
    <ClCompile Include="ScoringRule.cpp">
      <Filter>Source Files</Filter>
    </ClCompile>
    <ClCompile Include="GameManager.cpp">
      <Filter>Source Files</Filter>
    </ClCompile>
    <ClCompile Include="FlushFiveChecker.cpp">
      <Filter>Source Files</Filter>
    </ClCompile>
    <ClCompile Include="FlushHouseChecker.cpp">
      <Filter>Source Files</Filter>
    </ClCompile>
    <ClCompile Include="FiveOfAKindChecker.cpp">
      <Filter>Source Files</Filter>
    </ClCompile>
    <ClCompile Include="RoyalFlushChecker.cpp">
      <Filter>Source Files</Filter>
    </ClCompile>
    <ClCompile Include="StraightFlushChecker.cpp">
      <Filter>Source Files</Filter>
    </ClCompile>
    <ClCompile Include="FourOfAKindChecker.cpp">
      <Filter>Source Files</Filter>
    </ClCompile>
    <ClCompile Include="FullHouseChecker.cpp">
      <Filter>Source Files</Filter>
    </ClCompile>
    <ClCompile Include="FlushChecker.cpp">
      <Filter>Source Files</Filter>
    </ClCompile>
    <ClCompile Include="StraightChecker.cpp">
      <Filter>Source Files</Filter>
    </ClCompile>
    <ClCompile Include="ThreeOfAKindChecker.cpp">
      <Filter>Source Files</Filter>
    </ClCompile>
    <ClCompile Include="TwoPairChecker.cpp">
      <Filter>Source Files</Filter>
    </ClCompile>
    <ClCompile Include="PairChecker.cpp">
      <Filter>Source Files</Filter>
    </ClCompile>
    <ClCompile Include="HighCardChecker.cpp">
      <Filter>Source Files</Filter>
    </ClCompile>
    <ClCompile Include="HandGenerator.cpp">
      <Filter>Source Files</Filter>
    </ClCompile>
    <ClCompile Include="HandPlayer.cpp">
      <Filter>Source Files</Filter>
    </ClCompile>
  </ItemGroup>
  <ItemGroup>
    <ClInclude Include="GameTypes.h">
      <Filter>Header Files</Filter>
    </ClInclude>
    <ClInclude Include="Hand.h">
      <Filter>Header Files</Filter>
    </ClInclude>
    <ClInclude Include="PokerHandChecker.h">
      <Filter>Header Files</Filter>
    </ClInclude>
    <ClInclude Include="CoreComponents.h">
      <Filter>Header Files</Filter>
    </ClInclude>
    <ClInclude Include="ScoringRule.h">
      <Filter>Header Files</Filter>
    </ClInclude>
    <ClInclude Include="GameManager.h">
      <Filter>Header Files</Filter>
    </ClInclude>
    <ClInclude Include="FlushFiveChecker.h">
      <Filter>Header Files</Filter>
    </ClInclude>
    <ClInclude Include="FlushHouseChecker.h">
      <Filter>Header Files</Filter>
    </ClInclude>
    <ClInclude Include="FiveOfAKindChecker.h">
      <Filter>Header Files</Filter>
    </ClInclude>
    <ClInclude Include="RoyalFlushChecker.h">
      <Filter>Header Files</Filter>
    </ClInclude>
    <ClInclude Include="StraightFlushChecker.h">
      <Filter>Header Files</Filter>
    </ClInclude>
    <ClInclude Include="FourOfAKindChecker.h">
      <Filter>Header Files</Filter>
    </ClInclude>
    <ClInclude Include="FullHouseChecker.h">
      <Filter>Header Files</Filter>
    </ClInclude>
    <ClInclude Include="FlushChecker.h">
      <Filter>Header Files</Filter>
    </ClInclude>
    <ClInclude Include="StraightChecker.h">
      <Filter>Header Files</Filter>
    </ClInclude>
    <ClInclude Include="ThreeOfAKindChecker.h">
      <Filter>Header Files</Filter>
    </ClInclude>
    <ClInclude Include="TwoPairChecker.h">
      <Filter>Header Files</Filter>
    </ClInclude>
    <ClInclude Include="PairChecker.h">
      <Filter>Header Files</Filter>
    </ClInclude>
    <ClInclude Include="HighCardChecker.h">
      <Filter>Header Files</Filter>
    </ClInclude>
    <ClInclude Include="Card.h">
      <Filter>Header Files</Filter>
    </ClInclude>
    <ClInclude Include="HandGenerator.h">
      <Filter>Header Files</Filter>
    </ClInclude>
    <ClInclude Include="ChosenHand.h">
      <Filter>Header Files</Filter>
    </ClInclude>
    <ClInclude Include="HandPlayer.h">
      <Filter>Header Files</Filter>
    </ClInclude>
  </ItemGroup>
</Project>